{
  "nodes": {
    "bundix": {
      "flake": false,
      "locked": {
        "lastModified": 1603214446,
        "narHash": "sha256-R1zBgEXgbZQ65BHw22/40dJD36R9SbB15EBeWteAHYA=",
        "owner": "maksar",
        "repo": "bundix",
        "rev": "30690de4b52dbb6d28dba5fff26803ce00ccdb73",
        "type": "github"
      },
      "original": {
        "owner": "maksar",
        "repo": "bundix",
        "type": "github"
      }
    },
    "flake-utils": {
      "locked": {
        "lastModified": 1610051610,
        "narHash": "sha256-U9rPz/usA1/Aohhk7Cmc2gBrEEKRzcW4nwPWMPwja4Y=",
        "owner": "numtide",
        "repo": "flake-utils",
        "rev": "3982c9903e93927c2164caa727cd3f6a0e6d14cc",
        "type": "github"
      },
      "original": {
        "owner": "numtide",
        "repo": "flake-utils",
        "type": "github"
      }
    },
    "nixpkgs": {
      "locked": {
        "lastModified": 1611829825,
        "narHash": "sha256-CzoN7EVSzx/Iy3TMMkEALEYtPsbpLiyz3g1WmqQuSRI=",
        "owner": "NixOS",
        "repo": "nixpkgs",
        "rev": "b43756e22b3128f9415fdcd954a5b1e3b865680a",
        "type": "github"
      },
      "original": {
        "owner": "NixOS",
        "ref": "master",
        "repo": "nixpkgs",
        "type": "github"
      }
    },
    "root": {
      "inputs": {
        "bundix": "bundix",
        "flake-utils": "flake-utils",
        "nixpkgs": "nixpkgs"
      }
    }
  },
  "root": "root",
  "version": 7
}
